
Microsoft Visual Studio Solution File, Format Version 12.00
# Visual Studio Version 17
VisualStudioVersion = 17.6.33815.320
MinimumVisualStudioVersion = 10.0.40219.1
Project("{9A19103F-16F7-4668-BE54-9A1E7A4F7556}") = "FluentSheets", "FluentSheets\FluentSheets.csproj", "{01A35212-0F80-42D5-BE74-7BFB897BB8DD}"
EndProject
Project("{9A19103F-16F7-4668-BE54-9A1E7A4F7556}") = "FluentSheets.Test", "FluentSheets.Test\FluentSheets.Test.csproj", "{2375611E-CA3C-4002-9FCA-23BD3B3C5028}"
EndProject
Project("{2150E333-8FDC-42A3-9474-1A3956D46DE8}") = "_", "_", "{D27A7F77-490E-4890-A5AD-2EBF75D10653}"
	ProjectSection(SolutionItems) = preProject
		.gitignore = .gitignore
		README.md = README.md
	EndProjectSection
EndProject
Global
	GlobalSection(SolutionConfigurationPlatforms) = preSolution
		Debug|Any CPU = Debug|Any CPU
		Release|Any CPU = Release|Any CPU
	EndGlobalSection
	GlobalSection(ProjectConfigurationPlatforms) = postSolution
		{01A35212-0F80-42D5-BE74-7BFB897BB8DD}.Debug|Any CPU.ActiveCfg = Debug|Any CPU
		{01A35212-0F80-42D5-BE74-7BFB897BB8DD}.Debug|Any CPU.Build.0 = Debug|Any CPU
		{01A35212-0F80-42D5-BE74-7BFB897BB8DD}.Release|Any CPU.ActiveCfg = Release|Any CPU
		{01A35212-0F80-42D5-BE74-7BFB897BB8DD}.Release|Any CPU.Build.0 = Release|Any CPU
		{2375611E-CA3C-4002-9FCA-23BD3B3C5028}.Debug|Any CPU.ActiveCfg = Debug|Any CPU
		{2375611E-CA3C-4002-9FCA-23BD3B3C5028}.Debug|Any CPU.Build.0 = Debug|Any CPU
		{2375611E-CA3C-4002-9FCA-23BD3B3C5028}.Release|Any CPU.ActiveCfg = Release|Any CPU
		{2375611E-CA3C-4002-9FCA-23BD3B3C5028}.Release|Any CPU.Build.0 = Release|Any CPU
	EndGlobalSection
	GlobalSection(SolutionProperties) = preSolution
		HideSolutionNode = FALSE
	EndGlobalSection
	GlobalSection(ExtensibilityGlobals) = postSolution
		SolutionGuid = {261FB3B8-DE39-41DD-B33E-23DBA1BA6594}
	EndGlobalSection
EndGlobal
